
Microsoft Visual Studio Solution File, Format Version 12.00
# Visual Studio 15
VisualStudioVersion = 15.0.28307.705
MinimumVisualStudioVersion = 10.0.40219.1
Project("{FAE04EC0-301F-11D3-BF4B-00C04F79EFBC}") = "dotnet-perf", "src\dotnet-perf.csproj", "{CBC950EE-C0E6-4AF6-BFF9-6C0C0ED61465}"
EndProject
Global
	GlobalSection(SolutionConfigurationPlatforms) = preSolution
		Debug|Any CPU = Debug|Any CPU
		Release|Any CPU = Release|Any CPU
	EndGlobalSection
	GlobalSection(ProjectConfigurationPlatforms) = postSolution
		{CBC950EE-C0E6-4AF6-BFF9-6C0C0ED61465}.Debug|Any CPU.ActiveCfg = Debug|Any CPU
		{CBC950EE-C0E6-4AF6-BFF9-6C0C0ED61465}.Debug|Any CPU.Build.0 = Debug|Any CPU
		{CBC950EE-C0E6-4AF6-BFF9-6C0C0ED61465}.Release|Any CPU.ActiveCfg = Release|Any CPU
		{CBC950EE-C0E6-4AF6-BFF9-6C0C0ED61465}.Release|Any CPU.Build.0 = Release|Any CPU
	EndGlobalSection
	GlobalSection(SolutionProperties) = preSolution
		HideSolutionNode = FALSE
	EndGlobalSection
	GlobalSection(ExtensibilityGlobals) = postSolution
		SolutionGuid = {F2EB68B5-19A5-4B36-BB19-EE46435A2B30}
	EndGlobalSection
EndGlobal
